
Microsoft Visual Studio Solution File, Format Version 12.00
# Visual Studio Version 17
VisualStudioVersion = 17.10.35431.56
MinimumVisualStudioVersion = 10.0.40219.1
Project("{FAE04EC0-301F-11D3-BF4B-00C04F79EFBC}") = "LoginControlLibrary", "LoginControlLibrary\LoginControlLibrary.csproj", "{C120CE81-3FEC-4251-AECB-BF6AD41ACF0F}"
EndProject
Global
	GlobalSection(SolutionConfigurationPlatforms) = preSolution
		Debug|Any CPU = Debug|Any CPU
		Release|Any CPU = Release|Any CPU
	EndGlobalSection
	GlobalSection(ProjectConfigurationPlatforms) = postSolution
		{C120CE81-3FEC-4251-AECB-BF6AD41ACF0F}.Debug|Any CPU.ActiveCfg = Debug|Any CPU
		{C120CE81-3FEC-4251-AECB-BF6AD41ACF0F}.Debug|Any CPU.Build.0 = Debug|Any CPU
		{C120CE81-3FEC-4251-AECB-BF6AD41ACF0F}.Release|Any CPU.ActiveCfg = Release|Any CPU
		{C120CE81-3FEC-4251-AECB-BF6AD41ACF0F}.Release|Any CPU.Build.0 = Release|Any CPU
	EndGlobalSection
	GlobalSection(SolutionProperties) = preSolution
		HideSolutionNode = FALSE
	EndGlobalSection
	GlobalSection(ExtensibilityGlobals) = postSolution
		SolutionGuid = {51927B36-F8DC-4E5E-AAC6-3E669E2C671B}
	EndGlobalSection
EndGlobal
