
Microsoft Visual Studio Solution File, Format Version 12.00
# Visual Studio Version 17
VisualStudioVersion = 17.12.35707.178 d17.12
MinimumVisualStudioVersion = 10.0.40219.1
Project("{00D1A9C2-B5F0-4AF3-8072-F6C62B433612}") = "TaskManagerDatabase", "TaskManagerDatabase\TaskManagerDatabase.sqlproj", "{468F9B8D-3A1A-4BBB-BCED-EEAE2B4FD69C}"
EndProject
Project("{FAE04EC0-301F-11D3-BF4B-00C04F79EFBC}") = "TaskManagerWebsite", "TaskManagerWebsite\TaskManagerWebsite.csproj", "{67381872-E6AB-42AB-97AF-852CA4C9B9E6}"
EndProject
Global
	GlobalSection(SolutionConfigurationPlatforms) = preSolution
		Debug|Any CPU = Debug|Any CPU
		Release|Any CPU = Release|Any CPU
	EndGlobalSection
	GlobalSection(ProjectConfigurationPlatforms) = postSolution
		{468F9B8D-3A1A-4BBB-BCED-EEAE2B4FD69C}.Debug|Any CPU.ActiveCfg = Debug|Any CPU
		{468F9B8D-3A1A-4BBB-BCED-EEAE2B4FD69C}.Debug|Any CPU.Build.0 = Debug|Any CPU
		{468F9B8D-3A1A-4BBB-BCED-EEAE2B4FD69C}.Debug|Any CPU.Deploy.0 = Debug|Any CPU
		{468F9B8D-3A1A-4BBB-BCED-EEAE2B4FD69C}.Release|Any CPU.ActiveCfg = Release|Any CPU
		{468F9B8D-3A1A-4BBB-BCED-EEAE2B4FD69C}.Release|Any CPU.Build.0 = Release|Any CPU
		{468F9B8D-3A1A-4BBB-BCED-EEAE2B4FD69C}.Release|Any CPU.Deploy.0 = Release|Any CPU
		{67381872-E6AB-42AB-97AF-852CA4C9B9E6}.Debug|Any CPU.ActiveCfg = Debug|Any CPU
		{67381872-E6AB-42AB-97AF-852CA4C9B9E6}.Debug|Any CPU.Build.0 = Debug|Any CPU
		{67381872-E6AB-42AB-97AF-852CA4C9B9E6}.Release|Any CPU.ActiveCfg = Release|Any CPU
		{67381872-E6AB-42AB-97AF-852CA4C9B9E6}.Release|Any CPU.Build.0 = Release|Any CPU
	EndGlobalSection
	GlobalSection(SolutionProperties) = preSolution
		HideSolutionNode = FALSE
	EndGlobalSection
EndGlobal
